// !$*UTF8*$!
{
	archiveVersion = 1;
	classes = {
	};
	objectVersion = 56;
	objects = {

/* Begin PBXBuildFile section */
		1F6D38472C9D7B4400F0A83A /* NFCManager.swift in Sources */ = {isa = PBXBuildFile; fileRef = 1F6D38462C9D7B2F00F0A83A /* NFCManager.swift */; };
		1F6D38492C9D7BC500F0A83A /* PaymentManager.swift in Sources */ = {isa = PBXBuildFile; fileRef = 1F6D38482C9D7BBE00F0A83A /* PaymentManager.swift */; };
		1F6D384C2C9D7DBF00F0A83A /* PaymentCommunicationManager.swift in Sources */ = {isa = PBXBuildFile; fileRef = 1F6D384B2C9D7DB200F0A83A /* PaymentCommunicationManager.swift */; };
		1FCF493F2C947D4A00690AD8 /* FiumApp.swift in Sources */ = {isa = PBXBuildFile; fileRef = 1FCF493E2C947D4A00690AD8 /* FiumApp.swift */; };
		1FCF49412C947D4A00690AD8 /* ContentView.swift in Sources */ = {isa = PBXBuildFile; fileRef = 1FCF49402C947D4A00690AD8 /* ContentView.swift */; };
		1FCF49432C947D4A00690AD8 /* Item.swift in Sources */ = {isa = PBXBuildFile; fileRef = 1FCF49422C947D4A00690AD8 /* Item.swift */; };
		1FCF49452C947D4B00690AD8 /* Assets.xcassets in Resources */ = {isa = PBXBuildFile; fileRef = 1FCF49442C947D4B00690AD8 /* Assets.xcassets */; };
		1FCF49482C947D4B00690AD8 /* Preview Assets.xcassets in Resources */ = {isa = PBXBuildFile; fileRef = 1FCF49472C947D4B00690AD8 /* Preview Assets.xcassets */; };
		1FE516962C9AD4CC00D8870A /* States.swift in Sources */ = {isa = PBXBuildFile; fileRef = 1FE516952C9AD4CC00D8870A /* States.swift */; };
		1FEE3EE32C983805009F2280 /* LoginView.swift in Sources */ = {isa = PBXBuildFile; fileRef = 1FEE3EE22C983805009F2280 /* LoginView.swift */; };
		1FEE3EE52C983824009F2280 /* DashboardView.swift in Sources */ = {isa = PBXBuildFile; fileRef = 1FEE3EE42C983824009F2280 /* DashboardView.swift */; };
		1FEE3EE72C983843009F2280 /* ProfileView.swift in Sources */ = {isa = PBXBuildFile; fileRef = 1FEE3EE62C983843009F2280 /* ProfileView.swift */; };
		1FEE3EE92C983857009F2280 /* RedeemView.swift in Sources */ = {isa = PBXBuildFile; fileRef = 1FEE3EE82C983857009F2280 /* RedeemView.swift */; };
		1FEE3EEB2C983868009F2280 /* TransactionsView.swift in Sources */ = {isa = PBXBuildFile; fileRef = 1FEE3EEA2C983868009F2280 /* TransactionsView.swift */; };
		1FEE3EED2C98387D009F2280 /* InviteView.swift in Sources */ = {isa = PBXBuildFile; fileRef = 1FEE3EEC2C98387D009F2280 /* InviteView.swift */; };
		1FEE3EF12C9838C4009F2280 /* PaymentView.swift in Sources */ = {isa = PBXBuildFile; fileRef = 1FEE3EF02C9838C4009F2280 /* PaymentView.swift */; };
		1FEE3EF42C983AE4009F2280 /* FirebaseAuth in Frameworks */ = {isa = PBXBuildFile; productRef = 1FEE3EF32C983AE4009F2280 /* FirebaseAuth */; };
		1FEE3EF62C983AE4009F2280 /* FirebaseFirestore in Frameworks */ = {isa = PBXBuildFile; productRef = 1FEE3EF52C983AE4009F2280 /* FirebaseFirestore */; };
		1FEE3EF92C983B6D009F2280 /* Transaction.swift in Sources */ = {isa = PBXBuildFile; fileRef = 1FEE3EF82C983B6D009F2280 /* Transaction.swift */; };
		1FEE3EFB2C983B93009F2280 /* PaymentRequest.swift in Sources */ = {isa = PBXBuildFile; fileRef = 1FEE3EFA2C983B93009F2280 /* PaymentRequest.swift */; };
		1FEE3EFD2C983BA4009F2280 /* Offer.swift in Sources */ = {isa = PBXBuildFile; fileRef = 1FEE3EFC2C983BA4009F2280 /* Offer.swift */; };
		1FEE3F002C983BD0009F2280 /* MultipeerManager.swift in Sources */ = {isa = PBXBuildFile; fileRef = 1FEE3EFF2C983BD0009F2280 /* MultipeerManager.swift */; };
		1FEE3F022C983BE3009F2280 /* TransactionManager.swift in Sources */ = {isa = PBXBuildFile; fileRef = 1FEE3F012C983BE3009F2280 /* TransactionManager.swift */; };
		1FEE3F072C986CB1009F2280 /* FirebaseAnalytics in Frameworks */ = {isa = PBXBuildFile; productRef = 1FEE3F062C986CB1009F2280 /* FirebaseAnalytics */; };
		1FEE3F092C986D65009F2280 /* GoogleService-Info.plist in Resources */ = {isa = PBXBuildFile; fileRef = 1FEE3F082C986D65009F2280 /* GoogleService-Info.plist */; };
		1FEE3F0C2C987794009F2280 /* BonjourService.swift in Sources */ = {isa = PBXBuildFile; fileRef = 1FEE3F0B2C987794009F2280 /* BonjourService.swift */; };
		1FEE3F0E2C987E66009F2280 /* BluetoothManager.swift in Sources */ = {isa = PBXBuildFile; fileRef = 1FEE3F0D2C987E66009F2280 /* BluetoothManager.swift */; };
/* End PBXBuildFile section */

/* Begin PBXFileReference section */
		1F6D38462C9D7B2F00F0A83A /* NFCManager.swift */ = {isa = PBXFileReference; lastKnownFileType = sourcecode.swift; path = NFCManager.swift; sourceTree = "<group>"; };
		1F6D38482C9D7BBE00F0A83A /* PaymentManager.swift */ = {isa = PBXFileReference; lastKnownFileType = sourcecode.swift; path = PaymentManager.swift; sourceTree = "<group>"; };
		1F6D384B2C9D7DB200F0A83A /* PaymentCommunicationManager.swift */ = {isa = PBXFileReference; lastKnownFileType = sourcecode.swift; path = PaymentCommunicationManager.swift; sourceTree = "<group>"; };
		1FCF493B2C947D4A00690AD8 /* Fium.app */ = {isa = PBXFileReference; explicitFileType = wrapper.application; includeInIndex = 0; path = Fium.app; sourceTree = BUILT_PRODUCTS_DIR; };
		1FCF493E2C947D4A00690AD8 /* FiumApp.swift */ = {isa = PBXFileReference; lastKnownFileType = sourcecode.swift; path = FiumApp.swift; sourceTree = "<group>"; };
		1FCF49402C947D4A00690AD8 /* ContentView.swift */ = {isa = PBXFileReference; lastKnownFileType = sourcecode.swift; path = ContentView.swift; sourceTree = "<group>"; };
		1FCF49422C947D4A00690AD8 /* Item.swift */ = {isa = PBXFileReference; lastKnownFileType = sourcecode.swift; path = Item.swift; sourceTree = "<group>"; };
		1FCF49442C947D4B00690AD8 /* Assets.xcassets */ = {isa = PBXFileReference; lastKnownFileType = folder.assetcatalog; path = Assets.xcassets; sourceTree = "<group>"; };
		1FCF49472C947D4B00690AD8 /* Preview Assets.xcassets */ = {isa = PBXFileReference; lastKnownFileType = folder.assetcatalog; path = "Preview Assets.xcassets"; sourceTree = "<group>"; };
		1FDF4DDB2C9D6EA500203116 /* Fium.entitlements */ = {isa = PBXFileReference; lastKnownFileType = text.plist.entitlements; path = Fium.entitlements; sourceTree = "<group>"; };
		1FE516952C9AD4CC00D8870A /* States.swift */ = {isa = PBXFileReference; lastKnownFileType = sourcecode.swift; path = States.swift; sourceTree = "<group>"; };
		1FEE3EE22C983805009F2280 /* LoginView.swift */ = {isa = PBXFileReference; lastKnownFileType = sourcecode.swift; path = LoginView.swift; sourceTree = "<group>"; };
		1FEE3EE42C983824009F2280 /* DashboardView.swift */ = {isa = PBXFileReference; lastKnownFileType = sourcecode.swift; path = DashboardView.swift; sourceTree = "<group>"; };
		1FEE3EE62C983843009F2280 /* ProfileView.swift */ = {isa = PBXFileReference; lastKnownFileType = sourcecode.swift; path = ProfileView.swift; sourceTree = "<group>"; };
		1FEE3EE82C983857009F2280 /* RedeemView.swift */ = {isa = PBXFileReference; lastKnownFileType = sourcecode.swift; path = RedeemView.swift; sourceTree = "<group>"; };
		1FEE3EEA2C983868009F2280 /* TransactionsView.swift */ = {isa = PBXFileReference; lastKnownFileType = sourcecode.swift; path = TransactionsView.swift; sourceTree = "<group>"; };
		1FEE3EEC2C98387D009F2280 /* InviteView.swift */ = {isa = PBXFileReference; lastKnownFileType = sourcecode.swift; path = InviteView.swift; sourceTree = "<group>"; };
		1FEE3EF02C9838C4009F2280 /* PaymentView.swift */ = {isa = PBXFileReference; lastKnownFileType = sourcecode.swift; path = PaymentView.swift; sourceTree = "<group>"; };
		1FEE3EF82C983B6D009F2280 /* Transaction.swift */ = {isa = PBXFileReference; lastKnownFileType = sourcecode.swift; path = Transaction.swift; sourceTree = "<group>"; };
		1FEE3EFA2C983B93009F2280 /* PaymentRequest.swift */ = {isa = PBXFileReference; lastKnownFileType = sourcecode.swift; path = PaymentRequest.swift; sourceTree = "<group>"; };
		1FEE3EFC2C983BA4009F2280 /* Offer.swift */ = {isa = PBXFileReference; lastKnownFileType = sourcecode.swift; path = Offer.swift; sourceTree = "<group>"; };
		1FEE3EFF2C983BD0009F2280 /* MultipeerManager.swift */ = {isa = PBXFileReference; lastKnownFileType = sourcecode.swift; path = MultipeerManager.swift; sourceTree = "<group>"; };
		1FEE3F012C983BE3009F2280 /* TransactionManager.swift */ = {isa = PBXFileReference; lastKnownFileType = sourcecode.swift; path = TransactionManager.swift; sourceTree = "<group>"; };
		1FEE3F082C986D65009F2280 /* GoogleService-Info.plist */ = {isa = PBXFileReference; fileEncoding = 4; lastKnownFileType = text.plist.xml; name = "GoogleService-Info.plist"; path = "../../GoogleService-Info.plist"; sourceTree = "<group>"; };
		1FEE3F0A2C987328009F2280 /* Info.plist */ = {isa = PBXFileReference; lastKnownFileType = text.plist; path = Info.plist; sourceTree = "<group>"; };
		1FEE3F0B2C987794009F2280 /* BonjourService.swift */ = {isa = PBXFileReference; lastKnownFileType = sourcecode.swift; path = BonjourService.swift; sourceTree = "<group>"; };
		1FEE3F0D2C987E66009F2280 /* BluetoothManager.swift */ = {isa = PBXFileReference; lastKnownFileType = sourcecode.swift; path = BluetoothManager.swift; sourceTree = "<group>"; };
/* End PBXFileReference section */

/* Begin PBXFrameworksBuildPhase section */
		1FCF49382C947D4A00690AD8 /* Frameworks */ = {
			isa = PBXFrameworksBuildPhase;
			buildActionMask = 2147483647;
			files = (
				1FEE3EF42C983AE4009F2280 /* FirebaseAuth in Frameworks */,
				1FEE3EF62C983AE4009F2280 /* FirebaseFirestore in Frameworks */,
				1FEE3F072C986CB1009F2280 /* FirebaseAnalytics in Frameworks */,
			);
			runOnlyForDeploymentPostprocessing = 0;
		};
/* End PBXFrameworksBuildPhase section */

/* Begin PBXGroup section */
		1F6D384A2C9D7DAA00F0A83A /* Protocol */ = {
			isa = PBXGroup;
			children = (
				1F6D384B2C9D7DB200F0A83A /* PaymentCommunicationManager.swift */,
			);
			path = Protocol;
			sourceTree = "<group>";
		};
		1FCF49322C947D4A00690AD8 = {
			isa = PBXGroup;
			children = (
				1FCF493D2C947D4A00690AD8 /* Fium */,
				1FCF493C2C947D4A00690AD8 /* Products */,
			);
			sourceTree = "<group>";
		};
		1FCF493C2C947D4A00690AD8 /* Products */ = {
			isa = PBXGroup;
			children = (
				1FCF493B2C947D4A00690AD8 /* Fium.app */,
			);
			name = Products;
			sourceTree = "<group>";
		};
		1FCF493D2C947D4A00690AD8 /* Fium */ = {
			isa = PBXGroup;
			children = (
				1FDF4DDB2C9D6EA500203116 /* Fium.entitlements */,
				1FEE3F0A2C987328009F2280 /* Info.plist */,
				1FEE3EE12C9837E1009F2280 /* Source */,
				1FCF493E2C947D4A00690AD8 /* FiumApp.swift */,
				1FCF49402C947D4A00690AD8 /* ContentView.swift */,
				1FCF49422C947D4A00690AD8 /* Item.swift */,
				1FEE3F082C986D65009F2280 /* GoogleService-Info.plist */,
				1FCF49442C947D4B00690AD8 /* Assets.xcassets */,
				1FCF49462C947D4B00690AD8 /* Preview Content */,
			);
			path = Fium;
			sourceTree = "<group>";
		};
		1FCF49462C947D4B00690AD8 /* Preview Content */ = {
			isa = PBXGroup;
			children = (
				1FCF49472C947D4B00690AD8 /* Preview Assets.xcassets */,
			);
			path = "Preview Content";
			sourceTree = "<group>";
		};
		1FEE3EE12C9837E1009F2280 /* Source */ = {
			isa = PBXGroup;
			children = (
				1F6D384A2C9D7DAA00F0A83A /* Protocol */,
				1FEE3F032C983BF3009F2280 /* Views */,
				1FEE3EFE2C983BC1009F2280 /* Managers */,
				1FEE3EF72C983B60009F2280 /* Models */,
			);
			path = Source;
			sourceTree = "<group>";
		};
		1FEE3EF72C983B60009F2280 /* Models */ = {
			isa = PBXGroup;
			children = (
				1FEE3EF82C983B6D009F2280 /* Transaction.swift */,
				1FEE3EFA2C983B93009F2280 /* PaymentRequest.swift */,
				1FEE3EFC2C983BA4009F2280 /* Offer.swift */,
				1FE516952C9AD4CC00D8870A /* States.swift */,
			);
			path = Models;
			sourceTree = "<group>";
		};
		1FEE3EFE2C983BC1009F2280 /* Managers */ = {
			isa = PBXGroup;
			children = (
				1FEE3EFF2C983BD0009F2280 /* MultipeerManager.swift */,
				1F6D38462C9D7B2F00F0A83A /* NFCManager.swift */,
				1FEE3F012C983BE3009F2280 /* TransactionManager.swift */,
				1F6D38482C9D7BBE00F0A83A /* PaymentManager.swift */,
				1FEE3F0B2C987794009F2280 /* BonjourService.swift */,
				1FEE3F0D2C987E66009F2280 /* BluetoothManager.swift */,
			);
			path = Managers;
			sourceTree = "<group>";
		};
		1FEE3F032C983BF3009F2280 /* Views */ = {
			isa = PBXGroup;
			children = (
				1FEE3EE22C983805009F2280 /* LoginView.swift */,
				1FEE3EF02C9838C4009F2280 /* PaymentView.swift */,
				1FEE3EE42C983824009F2280 /* DashboardView.swift */,
				1FEE3EE62C983843009F2280 /* ProfileView.swift */,
				1FEE3EE82C983857009F2280 /* RedeemView.swift */,
				1FEE3EEA2C983868009F2280 /* TransactionsView.swift */,
				1FEE3EEC2C98387D009F2280 /* InviteView.swift */,
			);
			path = Views;
			sourceTree = "<group>";
		};
/* End PBXGroup section */

/* Begin PBXNativeTarget section */
		1FCF493A2C947D4A00690AD8 /* Fium */ = {
			isa = PBXNativeTarget;
			buildConfigurationList = 1FCF494B2C947D4B00690AD8 /* Build configuration list for PBXNativeTarget "Fium" */;
			buildPhases = (
				1FCF49372C947D4A00690AD8 /* Sources */,
				1FCF49382C947D4A00690AD8 /* Frameworks */,
				1FCF49392C947D4A00690AD8 /* Resources */,
			);
			buildRules = (
			);
			dependencies = (
			);
			name = Fium;
			packageProductDependencies = (
				1FEE3EF32C983AE4009F2280 /* FirebaseAuth */,
				1FEE3EF52C983AE4009F2280 /* FirebaseFirestore */,
				1FEE3F062C986CB1009F2280 /* FirebaseAnalytics */,
			);
			productName = Fium;
			productReference = 1FCF493B2C947D4A00690AD8 /* Fium.app */;
			productType = "com.apple.product-type.application";
		};
/* End PBXNativeTarget section */

/* Begin PBXProject section */
		1FCF49332C947D4A00690AD8 /* Project object */ = {
			isa = PBXProject;
			attributes = {
				BuildIndependentTargetsInParallel = 1;
				LastSwiftUpdateCheck = 1540;
				LastUpgradeCheck = 1540;
				TargetAttributes = {
					1FCF493A2C947D4A00690AD8 = {
						CreatedOnToolsVersion = 15.4;
					};
				};
			};
			buildConfigurationList = 1FCF49362C947D4A00690AD8 /* Build configuration list for PBXProject "Fium" */;
			compatibilityVersion = "Xcode 14.0";
			developmentRegion = en;
			hasScannedForEncodings = 0;
			knownRegions = (
				en,
				Base,
			);
			mainGroup = 1FCF49322C947D4A00690AD8;
			packageReferences = (
				1FEE3EF22C983AE4009F2280 /* XCRemoteSwiftPackageReference "firebase-ios-sdk" */,
			);
			productRefGroup = 1FCF493C2C947D4A00690AD8 /* Products */;
			projectDirPath = "";
			projectRoot = "";
			targets = (
				1FCF493A2C947D4A00690AD8 /* Fium */,
			);
		};
/* End PBXProject section */

/* Begin PBXResourcesBuildPhase section */
		1FCF49392C947D4A00690AD8 /* Resources */ = {
			isa = PBXResourcesBuildPhase;
			buildActionMask = 2147483647;
			files = (
				1FCF49482C947D4B00690AD8 /* Preview Assets.xcassets in Resources */,
				1FEE3F092C986D65009F2280 /* GoogleService-Info.plist in Resources */,
				1FCF49452C947D4B00690AD8 /* Assets.xcassets in Resources */,
			);
			runOnlyForDeploymentPostprocessing = 0;
		};
/* End PBXResourcesBuildPhase section */

/* Begin PBXSourcesBuildPhase section */
		1FCF49372C947D4A00690AD8 /* Sources */ = {
			isa = PBXSourcesBuildPhase;
			buildActionMask = 2147483647;
			files = (
				1FEE3EFD2C983BA4009F2280 /* Offer.swift in Sources */,
				1FCF49412C947D4A00690AD8 /* ContentView.swift in Sources */,
				1FEE3EF12C9838C4009F2280 /* PaymentView.swift in Sources */,
				1FEE3EF92C983B6D009F2280 /* Transaction.swift in Sources */,
				1FEE3F022C983BE3009F2280 /* TransactionManager.swift in Sources */,
				1F6D384C2C9D7DBF00F0A83A /* PaymentCommunicationManager.swift in Sources */,
				1FCF49432C947D4A00690AD8 /* Item.swift in Sources */,
				1FEE3EE92C983857009F2280 /* RedeemView.swift in Sources */,
				1FEE3F0E2C987E66009F2280 /* BluetoothManager.swift in Sources */,
				1FEE3EE52C983824009F2280 /* DashboardView.swift in Sources */,
				1FEE3F002C983BD0009F2280 /* MultipeerManager.swift in Sources */,
				1F6D38472C9D7B4400F0A83A /* NFCManager.swift in Sources */,
				1FEE3EED2C98387D009F2280 /* InviteView.swift in Sources */,
				1FEE3EE32C983805009F2280 /* LoginView.swift in Sources */,
				1FEE3EFB2C983B93009F2280 /* PaymentRequest.swift in Sources */,
				1FEE3EEB2C983868009F2280 /* TransactionsView.swift in Sources */,
				1FEE3EE72C983843009F2280 /* ProfileView.swift in Sources */,
				1F6D38492C9D7BC500F0A83A /* PaymentManager.swift in Sources */,
				1FE516962C9AD4CC00D8870A /* States.swift in Sources */,
				1FCF493F2C947D4A00690AD8 /* FiumApp.swift in Sources */,
				1FEE3F0C2C987794009F2280 /* BonjourService.swift in Sources */,
			);
			runOnlyForDeploymentPostprocessing = 0;
		};
/* End PBXSourcesBuildPhase section */

/* Begin XCBuildConfiguration section */
		1FCF49492C947D4B00690AD8 /* Debug */ = {
			isa = XCBuildConfiguration;
			buildSettings = {
				ALWAYS_SEARCH_USER_PATHS = NO;
				ASSETCATALOG_COMPILER_GENERATE_SWIFT_ASSET_SYMBOL_EXTENSIONS = YES;
				CLANG_ANALYZER_NONNULL = YES;
				CLANG_ANALYZER_NUMBER_OBJECT_CONVERSION = YES_AGGRESSIVE;
				CLANG_CXX_LANGUAGE_STANDARD = "gnu++20";
				CLANG_ENABLE_MODULES = YES;
				CLANG_ENABLE_OBJC_ARC = YES;
				CLANG_ENABLE_OBJC_WEAK = YES;
				CLANG_WARN_BLOCK_CAPTURE_AUTORELEASING = YES;
				CLANG_WARN_BOOL_CONVERSION = YES;
				CLANG_WARN_COMMA = YES;
				CLANG_WARN_CONSTANT_CONVERSION = YES;
				CLANG_WARN_DEPRECATED_OBJC_IMPLEMENTATIONS = YES;
				CLANG_WARN_DIRECT_OBJC_ISA_USAGE = YES_ERROR;
				CLANG_WARN_DOCUMENTATION_COMMENTS = YES;
				CLANG_WARN_EMPTY_BODY = YES;
				CLANG_WARN_ENUM_CONVERSION = YES;
				CLANG_WARN_INFINITE_RECURSION = YES;
				CLANG_WARN_INT_CONVERSION = YES;
				CLANG_WARN_NON_LITERAL_NULL_CONVERSION = YES;
				CLANG_WARN_OBJC_IMPLICIT_RETAIN_SELF = YES;
				CLANG_WARN_OBJC_LITERAL_CONVERSION = YES;
				CLANG_WARN_OBJC_ROOT_CLASS = YES_ERROR;
				CLANG_WARN_QUOTED_INCLUDE_IN_FRAMEWORK_HEADER = YES;
				CLANG_WARN_RANGE_LOOP_ANALYSIS = YES;
				CLANG_WARN_STRICT_PROTOTYPES = YES;
				CLANG_WARN_SUSPICIOUS_MOVE = YES;
				CLANG_WARN_UNGUARDED_AVAILABILITY = YES_AGGRESSIVE;
				CLANG_WARN_UNREACHABLE_CODE = YES;
				CLANG_WARN__DUPLICATE_METHOD_MATCH = YES;
				COPY_PHASE_STRIP = NO;
				DEBUG_INFORMATION_FORMAT = dwarf;
				ENABLE_STRICT_OBJC_MSGSEND = YES;
				ENABLE_TESTABILITY = YES;
				ENABLE_USER_SCRIPT_SANDBOXING = YES;
				GCC_C_LANGUAGE_STANDARD = gnu17;
				GCC_DYNAMIC_NO_PIC = NO;
				GCC_NO_COMMON_BLOCKS = YES;
				GCC_OPTIMIZATION_LEVEL = 0;
				GCC_PREPROCESSOR_DEFINITIONS = (
					"DEBUG=1",
					"$(inherited)",
				);
				GCC_WARN_64_TO_32_BIT_CONVERSION = YES;
				GCC_WARN_ABOUT_RETURN_TYPE = YES_ERROR;
				GCC_WARN_UNDECLARED_SELECTOR = YES;
				GCC_WARN_UNINITIALIZED_AUTOS = YES_AGGRESSIVE;
				GCC_WARN_UNUSED_FUNCTION = YES;
				GCC_WARN_UNUSED_VARIABLE = YES;
				IPHONEOS_DEPLOYMENT_TARGET = 17.5;
				LOCALIZATION_PREFERS_STRING_CATALOGS = YES;
				MTL_ENABLE_DEBUG_INFO = INCLUDE_SOURCE;
				MTL_FAST_MATH = YES;
				ONLY_ACTIVE_ARCH = YES;
				SDKROOT = iphoneos;
				SWIFT_ACTIVE_COMPILATION_CONDITIONS = "DEBUG $(inherited)";
				SWIFT_OPTIMIZATION_LEVEL = "-Onone";
			};
			name = Debug;
		};
		1FCF494A2C947D4B00690AD8 /* Release */ = {
			isa = XCBuildConfiguration;
			buildSettings = {
				ALWAYS_SEARCH_USER_PATHS = NO;
				ASSETCATALOG_COMPILER_GENERATE_SWIFT_ASSET_SYMBOL_EXTENSIONS = YES;
				CLANG_ANALYZER_NONNULL = YES;
				CLANG_ANALYZER_NUMBER_OBJECT_CONVERSION = YES_AGGRESSIVE;
				CLANG_CXX_LANGUAGE_STANDARD = "gnu++20";
				CLANG_ENABLE_MODULES = YES;
				CLANG_ENABLE_OBJC_ARC = YES;
				CLANG_ENABLE_OBJC_WEAK = YES;
				CLANG_WARN_BLOCK_CAPTURE_AUTORELEASING = YES;
				CLANG_WARN_BOOL_CONVERSION = YES;
				CLANG_WARN_COMMA = YES;
				CLANG_WARN_CONSTANT_CONVERSION = YES;
				CLANG_WARN_DEPRECATED_OBJC_IMPLEMENTATIONS = YES;
				CLANG_WARN_DIRECT_OBJC_ISA_USAGE = YES_ERROR;
				CLANG_WARN_DOCUMENTATION_COMMENTS = YES;
				CLANG_WARN_EMPTY_BODY = YES;
				CLANG_WARN_ENUM_CONVERSION = YES;
				CLANG_WARN_INFINITE_RECURSION = YES;
				CLANG_WARN_INT_CONVERSION = YES;
				CLANG_WARN_NON_LITERAL_NULL_CONVERSION = YES;
				CLANG_WARN_OBJC_IMPLICIT_RETAIN_SELF = YES;
				CLANG_WARN_OBJC_LITERAL_CONVERSION = YES;
				CLANG_WARN_OBJC_ROOT_CLASS = YES_ERROR;
				CLANG_WARN_QUOTED_INCLUDE_IN_FRAMEWORK_HEADER = YES;
				CLANG_WARN_RANGE_LOOP_ANALYSIS = YES;
				CLANG_WARN_STRICT_PROTOTYPES = YES;
				CLANG_WARN_SUSPICIOUS_MOVE = YES;
				CLANG_WARN_UNGUARDED_AVAILABILITY = YES_AGGRESSIVE;
				CLANG_WARN_UNREACHABLE_CODE = YES;
				CLANG_WARN__DUPLICATE_METHOD_MATCH = YES;
				COPY_PHASE_STRIP = NO;
				DEBUG_INFORMATION_FORMAT = "dwarf-with-dsym";
				ENABLE_NS_ASSERTIONS = NO;
				ENABLE_STRICT_OBJC_MSGSEND = YES;
				ENABLE_USER_SCRIPT_SANDBOXING = YES;
				GCC_C_LANGUAGE_STANDARD = gnu17;
				GCC_NO_COMMON_BLOCKS = YES;
				GCC_WARN_64_TO_32_BIT_CONVERSION = YES;
				GCC_WARN_ABOUT_RETURN_TYPE = YES_ERROR;
				GCC_WARN_UNDECLARED_SELECTOR = YES;
				GCC_WARN_UNINITIALIZED_AUTOS = YES_AGGRESSIVE;
				GCC_WARN_UNUSED_FUNCTION = YES;
				GCC_WARN_UNUSED_VARIABLE = YES;
				IPHONEOS_DEPLOYMENT_TARGET = 17.5;
				LOCALIZATION_PREFERS_STRING_CATALOGS = YES;
				MTL_ENABLE_DEBUG_INFO = NO;
				MTL_FAST_MATH = YES;
				SDKROOT = iphoneos;
				SWIFT_COMPILATION_MODE = wholemodule;
				VALIDATE_PRODUCT = YES;
			};
			name = Release;
		};
		1FCF494C2C947D4B00690AD8 /* Debug */ = {
			isa = XCBuildConfiguration;
			buildSettings = {
				ASSETCATALOG_COMPILER_APPICON_NAME = AppIcon;
				ASSETCATALOG_COMPILER_GLOBAL_ACCENT_COLOR_NAME = AccentColor;
				CODE_SIGN_ENTITLEMENTS = Fium/Fium.entitlements;
				CODE_SIGN_STYLE = Automatic;
				CURRENT_PROJECT_VERSION = 1;
				DEVELOPMENT_ASSET_PATHS = "\"Fium/Preview Content\"";
				DEVELOPMENT_TEAM = NW64ZQGZ22;
				ENABLE_PREVIEWS = YES;
				GENERATE_INFOPLIST_FILE = YES;
				INFOPLIST_FILE = Fium/Info.plist;
				INFOPLIST_KEY_NSBluetoothAlwaysUsageDescription = "Esta aplicación utiliza Bluetooth para comunicarse con dispositivos cercanos.";
				INFOPLIST_KEY_NSCameraUsageDescription = "Esta aplicación utiliza la cámara para escanear códigos QR.";
				INFOPLIST_KEY_NSFaceIDUsageDescription = "Esta aplicación utiliza Face ID para autenticar el pago de manera segura.";
				INFOPLIST_KEY_NSLocalNetworkUsageDescription = "Esta aplicación necesita acceder a la red local para comunicarse con dispositivos cercanos.";
				INFOPLIST_KEY_UIApplicationSceneManifest_Generation = YES;
				INFOPLIST_KEY_UIApplicationSupportsIndirectInputEvents = YES;
				INFOPLIST_KEY_UILaunchScreen_Generation = YES;
				INFOPLIST_KEY_UISupportedInterfaceOrientations_iPad = "UIInterfaceOrientationPortrait UIInterfaceOrientationPortraitUpsideDown UIInterfaceOrientationLandscapeLeft UIInterfaceOrientationLandscapeRight";
				INFOPLIST_KEY_UISupportedInterfaceOrientations_iPhone = "UIInterfaceOrientationPortrait UIInterfaceOrientationLandscapeLeft UIInterfaceOrientationLandscapeRight";
				LD_RUNPATH_SEARCH_PATHS = (
					"$(inherited)",
					"@executable_path/Frameworks",
				);
				MARKETING_VERSION = 1.0;
				PRODUCT_BUNDLE_IDENTIFIER = com.amatosma.fium;
				PRODUCT_NAME = "$(TARGET_NAME)";
				SWIFT_EMIT_LOC_STRINGS = YES;
				SWIFT_VERSION = 5.0;
				TARGETED_DEVICE_FAMILY = "1,2";
			};
			name = Debug;
		};
		1FCF494D2C947D4B00690AD8 /* Release */ = {
			isa = XCBuildConfiguration;
			buildSettings = {
				ASSETCATALOG_COMPILER_APPICON_NAME = AppIcon;
				ASSETCATALOG_COMPILER_GLOBAL_ACCENT_COLOR_NAME = AccentColor;
				CODE_SIGN_ENTITLEMENTS = Fium/Fium.entitlements;
				CODE_SIGN_STYLE = Automatic;
				CURRENT_PROJECT_VERSION = 1;
				DEVELOPMENT_ASSET_PATHS = "\"Fium/Preview Content\"";
				DEVELOPMENT_TEAM = NW64ZQGZ22;
				ENABLE_PREVIEWS = YES;
				GENERATE_INFOPLIST_FILE = YES;
				INFOPLIST_FILE = Fium/Info.plist;
				INFOPLIST_KEY_NSBluetoothAlwaysUsageDescription = "Esta aplicación utiliza Bluetooth para comunicarse con dispositivos cercanos.";
				INFOPLIST_KEY_NSCameraUsageDescription = "Esta aplicación utiliza la cámara para escanear códigos QR.";
				INFOPLIST_KEY_NSFaceIDUsageDescription = "Esta aplicación utiliza Face ID para autenticar el pago de manera segura.";
				INFOPLIST_KEY_NSLocalNetworkUsageDescription = "Esta aplicación necesita acceder a la red local para comunicarse con dispositivos cercanos.";
				INFOPLIST_KEY_UIApplicationSceneManifest_Generation = YES;
				INFOPLIST_KEY_UIApplicationSupportsIndirectInputEvents = YES;
				INFOPLIST_KEY_UILaunchScreen_Generation = YES;
				INFOPLIST_KEY_UISupportedInterfaceOrientations_iPad = "UIInterfaceOrientationPortrait UIInterfaceOrientationPortraitUpsideDown UIInterfaceOrientationLandscapeLeft UIInterfaceOrientationLandscapeRight";
				INFOPLIST_KEY_UISupportedInterfaceOrientations_iPhone = "UIInterfaceOrientationPortrait UIInterfaceOrientationLandscapeLeft UIInterfaceOrientationLandscapeRight";
				LD_RUNPATH_SEARCH_PATHS = (
					"$(inherited)",
					"@executable_path/Frameworks",
				);
				MARKETING_VERSION = 1.0;
				PRODUCT_BUNDLE_IDENTIFIER = com.amatosma.fium;
				PRODUCT_NAME = "$(TARGET_NAME)";
				SWIFT_EMIT_LOC_STRINGS = YES;
				SWIFT_VERSION = 5.0;
				TARGETED_DEVICE_FAMILY = "1,2";
			};
			name = Release;
		};
/* End XCBuildConfiguration section */

/* Begin XCConfigurationList section */
		1FCF49362C947D4A00690AD8 /* Build configuration list for PBXProject "Fium" */ = {
			isa = XCConfigurationList;
			buildConfigurations = (
				1FCF49492C947D4B00690AD8 /* Debug */,
				1FCF494A2C947D4B00690AD8 /* Release */,
			);
			defaultConfigurationIsVisible = 0;
			defaultConfigurationName = Release;
		};
		1FCF494B2C947D4B00690AD8 /* Build configuration list for PBXNativeTarget "Fium" */ = {
			isa = XCConfigurationList;
			buildConfigurations = (
				1FCF494C2C947D4B00690AD8 /* Debug */,
				1FCF494D2C947D4B00690AD8 /* Release */,
			);
			defaultConfigurationIsVisible = 0;
			defaultConfigurationName = Release;
		};
/* End XCConfigurationList section */

/* Begin XCRemoteSwiftPackageReference section */
		1FEE3EF22C983AE4009F2280 /* XCRemoteSwiftPackageReference "firebase-ios-sdk" */ = {
			isa = XCRemoteSwiftPackageReference;
			repositoryURL = "https://github.com/firebase/firebase-ios-sdk.git";
			requirement = {
				kind = upToNextMajorVersion;
				minimumVersion = 11.2.0;
			};
		};
/* End XCRemoteSwiftPackageReference section */

/* Begin XCSwiftPackageProductDependency section */
		1FEE3EF32C983AE4009F2280 /* FirebaseAuth */ = {
			isa = XCSwiftPackageProductDependency;
			package = 1FEE3EF22C983AE4009F2280 /* XCRemoteSwiftPackageReference "firebase-ios-sdk" */;
			productName = FirebaseAuth;
		};
		1FEE3EF52C983AE4009F2280 /* FirebaseFirestore */ = {
			isa = XCSwiftPackageProductDependency;
			package = 1FEE3EF22C983AE4009F2280 /* XCRemoteSwiftPackageReference "firebase-ios-sdk" */;
			productName = FirebaseFirestore;
		};
		1FEE3F062C986CB1009F2280 /* FirebaseAnalytics */ = {
			isa = XCSwiftPackageProductDependency;
			package = 1FEE3EF22C983AE4009F2280 /* XCRemoteSwiftPackageReference "firebase-ios-sdk" */;
			productName = FirebaseAnalytics;
		};
/* End XCSwiftPackageProductDependency section */
	};
	rootObject = 1FCF49332C947D4A00690AD8 /* Project object */;
}
